
Microsoft Visual Studio Solution File, Format Version 12.00
# Visual Studio Version 16
VisualStudioVersion = 16.0.32106.194
MinimumVisualStudioVersion = 10.0.40219.1
Project("{9A19103F-16F7-4668-BE54-9A1E7A4F7556}") = "TestApp", "TestApp\TestApp.csproj", "{AFC19708-AAEB-45EC-866A-AC9C9E70A83C}"
EndProject
Project("{FAE04EC0-301F-11D3-BF4B-00C04F79EFBC}") = "UnitFramework", "UnitFramework\UnitFramework.csproj", "{C085A07A-5EFD-40E2-B6BA-ED587F5090B5}"
EndProject
Global
	GlobalSection(SolutionConfigurationPlatforms) = preSolution
		Debug|Any CPU = Debug|Any CPU
		Release|Any CPU = Release|Any CPU
	EndGlobalSection
	GlobalSection(ProjectConfigurationPlatforms) = postSolution
		{AFC19708-AAEB-45EC-866A-AC9C9E70A83C}.Debug|Any CPU.ActiveCfg = Debug|Any CPU
		{AFC19708-AAEB-45EC-866A-AC9C9E70A83C}.Debug|Any CPU.Build.0 = Debug|Any CPU
		{AFC19708-AAEB-45EC-866A-AC9C9E70A83C}.Release|Any CPU.ActiveCfg = Release|Any CPU
		{AFC19708-AAEB-45EC-866A-AC9C9E70A83C}.Release|Any CPU.Build.0 = Release|Any CPU
		{C085A07A-5EFD-40E2-B6BA-ED587F5090B5}.Debug|Any CPU.ActiveCfg = Debug|Any CPU
		{C085A07A-5EFD-40E2-B6BA-ED587F5090B5}.Debug|Any CPU.Build.0 = Debug|Any CPU
		{C085A07A-5EFD-40E2-B6BA-ED587F5090B5}.Release|Any CPU.ActiveCfg = Release|Any CPU
		{C085A07A-5EFD-40E2-B6BA-ED587F5090B5}.Release|Any CPU.Build.0 = Release|Any CPU
	EndGlobalSection
	GlobalSection(SolutionProperties) = preSolution
		HideSolutionNode = FALSE
	EndGlobalSection
	GlobalSection(ExtensibilityGlobals) = postSolution
		SolutionGuid = {F170462E-7E58-4B4C-9FD8-0E58A5C85A0C}
	EndGlobalSection
EndGlobal
